
Microsoft Visual Studio Solution File, Format Version 12.00
# Visual Studio 2012
Project("{FAE04EC0-301F-11D3-BF4B-00C04F79EFBC}") = "SocialApp", "SocialApp\SocialApp.csproj", "{B1FCE673-CAB7-412D-AF33-F60C21BCBCDC}"
EndProject
Project("{FAE04EC0-301F-11D3-BF4B-00C04F79EFBC}") = "SocialApp.iOS", "iOS\SocialApp.iOS.csproj", "{2A06027C-3BE4-495E-850F-CA145CB5AF6B}"
EndProject
Project("{FAE04EC0-301F-11D3-BF4B-00C04F79EFBC}") = "SocialApp.Droid", "Droid\SocialApp.Droid.csproj", "{C5DD12BB-1DF6-4F3B-9DC5-2BA2C30DF087}"
EndProject
Global
	GlobalSection(SolutionConfigurationPlatforms) = preSolution
		Debug|Any CPU = Debug|Any CPU
		Release|Any CPU = Release|Any CPU
		Debug|iPhoneSimulator = Debug|iPhoneSimulator
		Release|iPhone = Release|iPhone
		Release|iPhoneSimulator = Release|iPhoneSimulator
		Debug|iPhone = Debug|iPhone
	EndGlobalSection
	GlobalSection(ProjectConfigurationPlatforms) = postSolution
		{B1FCE673-CAB7-412D-AF33-F60C21BCBCDC}.Debug|Any CPU.ActiveCfg = Debug|Any CPU
		{B1FCE673-CAB7-412D-AF33-F60C21BCBCDC}.Debug|Any CPU.Build.0 = Debug|Any CPU
		{B1FCE673-CAB7-412D-AF33-F60C21BCBCDC}.Release|Any CPU.ActiveCfg = Release|Any CPU
		{B1FCE673-CAB7-412D-AF33-F60C21BCBCDC}.Release|Any CPU.Build.0 = Release|Any CPU
		{B1FCE673-CAB7-412D-AF33-F60C21BCBCDC}.Debug|iPhoneSimulator.ActiveCfg = Debug|Any CPU
		{B1FCE673-CAB7-412D-AF33-F60C21BCBCDC}.Debug|iPhoneSimulator.Build.0 = Debug|Any CPU
		{B1FCE673-CAB7-412D-AF33-F60C21BCBCDC}.Release|iPhone.ActiveCfg = Release|Any CPU
		{B1FCE673-CAB7-412D-AF33-F60C21BCBCDC}.Release|iPhone.Build.0 = Release|Any CPU
		{B1FCE673-CAB7-412D-AF33-F60C21BCBCDC}.Release|iPhoneSimulator.ActiveCfg = Release|Any CPU
		{B1FCE673-CAB7-412D-AF33-F60C21BCBCDC}.Release|iPhoneSimulator.Build.0 = Release|Any CPU
		{B1FCE673-CAB7-412D-AF33-F60C21BCBCDC}.Debug|iPhone.ActiveCfg = Debug|Any CPU
		{B1FCE673-CAB7-412D-AF33-F60C21BCBCDC}.Debug|iPhone.Build.0 = Debug|Any CPU
		{2A06027C-3BE4-495E-850F-CA145CB5AF6B}.Debug|Any CPU.ActiveCfg = Debug|iPhoneSimulator
		{2A06027C-3BE4-495E-850F-CA145CB5AF6B}.Debug|Any CPU.Build.0 = Debug|iPhoneSimulator
		{2A06027C-3BE4-495E-850F-CA145CB5AF6B}.Release|Any CPU.ActiveCfg = Release|iPhone
		{2A06027C-3BE4-495E-850F-CA145CB5AF6B}.Release|Any CPU.Build.0 = Release|iPhone
		{2A06027C-3BE4-495E-850F-CA145CB5AF6B}.Debug|iPhoneSimulator.ActiveCfg = Debug|iPhoneSimulator
		{2A06027C-3BE4-495E-850F-CA145CB5AF6B}.Debug|iPhoneSimulator.Build.0 = Debug|iPhoneSimulator
		{2A06027C-3BE4-495E-850F-CA145CB5AF6B}.Release|iPhone.ActiveCfg = Release|iPhone
		{2A06027C-3BE4-495E-850F-CA145CB5AF6B}.Release|iPhone.Build.0 = Release|iPhone
		{2A06027C-3BE4-495E-850F-CA145CB5AF6B}.Release|iPhoneSimulator.ActiveCfg = Release|iPhoneSimulator
		{2A06027C-3BE4-495E-850F-CA145CB5AF6B}.Release|iPhoneSimulator.Build.0 = Release|iPhoneSimulator
		{2A06027C-3BE4-495E-850F-CA145CB5AF6B}.Debug|iPhone.ActiveCfg = Debug|iPhone
		{2A06027C-3BE4-495E-850F-CA145CB5AF6B}.Debug|iPhone.Build.0 = Debug|iPhone
		{C5DD12BB-1DF6-4F3B-9DC5-2BA2C30DF087}.Debug|Any CPU.ActiveCfg = Debug|Any CPU
		{C5DD12BB-1DF6-4F3B-9DC5-2BA2C30DF087}.Debug|Any CPU.Build.0 = Debug|Any CPU
		{C5DD12BB-1DF6-4F3B-9DC5-2BA2C30DF087}.Release|Any CPU.ActiveCfg = Release|Any CPU
		{C5DD12BB-1DF6-4F3B-9DC5-2BA2C30DF087}.Release|Any CPU.Build.0 = Release|Any CPU
		{C5DD12BB-1DF6-4F3B-9DC5-2BA2C30DF087}.Debug|iPhoneSimulator.ActiveCfg = Debug|Any CPU
		{C5DD12BB-1DF6-4F3B-9DC5-2BA2C30DF087}.Debug|iPhoneSimulator.Build.0 = Debug|Any CPU
		{C5DD12BB-1DF6-4F3B-9DC5-2BA2C30DF087}.Release|iPhone.ActiveCfg = Release|Any CPU
		{C5DD12BB-1DF6-4F3B-9DC5-2BA2C30DF087}.Release|iPhone.Build.0 = Release|Any CPU
		{C5DD12BB-1DF6-4F3B-9DC5-2BA2C30DF087}.Release|iPhoneSimulator.ActiveCfg = Release|Any CPU
		{C5DD12BB-1DF6-4F3B-9DC5-2BA2C30DF087}.Release|iPhoneSimulator.Build.0 = Release|Any CPU
		{C5DD12BB-1DF6-4F3B-9DC5-2BA2C30DF087}.Debug|iPhone.ActiveCfg = Debug|Any CPU
		{C5DD12BB-1DF6-4F3B-9DC5-2BA2C30DF087}.Debug|iPhone.Build.0 = Debug|Any CPU
	EndGlobalSection
EndGlobal
